
Microsoft Visual Studio Solution File, Format Version 12.00
# Visual Studio 2012
Project("{FAE04EC0-301F-11D3-BF4B-00C04F79EFBC}") = "HelpshiftSDK", "HelpshiftSDK\HelpshiftSDK.csproj", "{36A3859D-13F5-4786-9D1B-277EFA8DDEFE}"
EndProject
Global
	GlobalSection(SolutionConfigurationPlatforms) = preSolution
		Debug|Any CPU = Debug|Any CPU
		Release|Any CPU = Release|Any CPU
	EndGlobalSection
	GlobalSection(ProjectConfigurationPlatforms) = postSolution
		{36A3859D-13F5-4786-9D1B-277EFA8DDEFE}.Debug|Any CPU.ActiveCfg = Debug|Any CPU
		{36A3859D-13F5-4786-9D1B-277EFA8DDEFE}.Debug|Any CPU.Build.0 = Debug|Any CPU
		{36A3859D-13F5-4786-9D1B-277EFA8DDEFE}.Release|Any CPU.ActiveCfg = Release|Any CPU
		{36A3859D-13F5-4786-9D1B-277EFA8DDEFE}.Release|Any CPU.Build.0 = Release|Any CPU
	EndGlobalSection
	GlobalSection(MonoDevelopProperties) = preSolution
		StartupItem = HelpshiftSDK\HelpshiftSDK.csproj
	EndGlobalSection
EndGlobal
